
Microsoft Visual Studio Solution File, Format Version 12.00
# Visual Studio Version 16
VisualStudioVersion = 16.0.30804.86
MinimumVisualStudioVersion = 10.0.40219.1
Project("{9A19103F-16F7-4668-BE54-9A1E7A4F7556}") = "ICM.Taxes.API", "my_icm\ICM.Taxes.API.csproj", "{A6639C68-0E92-419A-9976-BD09F79A0620}"
	ProjectSection(ProjectDependencies) = postProject
		{F98B1CD2-E8E6-4100-A047-7DF68E53A98A} = {F98B1CD2-E8E6-4100-A047-7DF68E53A98A}
		{0B0866E5-79AA-4D04-A7DD-A8AA965BE67D} = {0B0866E5-79AA-4D04-A7DD-A8AA965BE67D}
	EndProjectSection
EndProject
Project("{9A19103F-16F7-4668-BE54-9A1E7A4F7556}") = "ICM.Taxes.TaxJar.Client", "ICM.Taxes.TarJar.Client\ICM.Taxes.TaxJar.Client.csproj", "{F98B1CD2-E8E6-4100-A047-7DF68E53A98A}"
EndProject
Project("{9A19103F-16F7-4668-BE54-9A1E7A4F7556}") = "ICM.Taxes.Core", "ICM.Taxes.Core\ICM.Taxes.Core.csproj", "{A34CA5E2-65D0-4010-831B-336780974ABE}"
EndProject
Project("{9A19103F-16F7-4668-BE54-9A1E7A4F7556}") = "ICM.Taxes.Infrastructure", "ICM.Taxes.Infrastructure\ICM.Taxes.Infrastructure.csproj", "{0B0866E5-79AA-4D04-A7DD-A8AA965BE67D}"
EndProject
Global
	GlobalSection(SolutionConfigurationPlatforms) = preSolution
		Debug|Any CPU = Debug|Any CPU
		Release|Any CPU = Release|Any CPU
	EndGlobalSection
	GlobalSection(ProjectConfigurationPlatforms) = postSolution
		{A6639C68-0E92-419A-9976-BD09F79A0620}.Debug|Any CPU.ActiveCfg = Debug|Any CPU
		{A6639C68-0E92-419A-9976-BD09F79A0620}.Debug|Any CPU.Build.0 = Debug|Any CPU
		{A6639C68-0E92-419A-9976-BD09F79A0620}.Release|Any CPU.ActiveCfg = Release|Any CPU
		{A6639C68-0E92-419A-9976-BD09F79A0620}.Release|Any CPU.Build.0 = Release|Any CPU
		{F98B1CD2-E8E6-4100-A047-7DF68E53A98A}.Debug|Any CPU.ActiveCfg = Debug|Any CPU
		{F98B1CD2-E8E6-4100-A047-7DF68E53A98A}.Debug|Any CPU.Build.0 = Debug|Any CPU
		{F98B1CD2-E8E6-4100-A047-7DF68E53A98A}.Release|Any CPU.ActiveCfg = Release|Any CPU
		{F98B1CD2-E8E6-4100-A047-7DF68E53A98A}.Release|Any CPU.Build.0 = Release|Any CPU
		{A34CA5E2-65D0-4010-831B-336780974ABE}.Debug|Any CPU.ActiveCfg = Debug|Any CPU
		{A34CA5E2-65D0-4010-831B-336780974ABE}.Debug|Any CPU.Build.0 = Debug|Any CPU
		{A34CA5E2-65D0-4010-831B-336780974ABE}.Release|Any CPU.ActiveCfg = Release|Any CPU
		{A34CA5E2-65D0-4010-831B-336780974ABE}.Release|Any CPU.Build.0 = Release|Any CPU
		{0B0866E5-79AA-4D04-A7DD-A8AA965BE67D}.Debug|Any CPU.ActiveCfg = Debug|Any CPU
		{0B0866E5-79AA-4D04-A7DD-A8AA965BE67D}.Debug|Any CPU.Build.0 = Debug|Any CPU
		{0B0866E5-79AA-4D04-A7DD-A8AA965BE67D}.Release|Any CPU.ActiveCfg = Release|Any CPU
		{0B0866E5-79AA-4D04-A7DD-A8AA965BE67D}.Release|Any CPU.Build.0 = Release|Any CPU
	EndGlobalSection
	GlobalSection(SolutionProperties) = preSolution
		HideSolutionNode = FALSE
	EndGlobalSection
	GlobalSection(ExtensibilityGlobals) = postSolution
		SolutionGuid = {803B4EB9-5752-40F1-A834-1C6FC4433BFB}
	EndGlobalSection
EndGlobal
